// !$*UTF8*$!
{
	archiveVersion = 1;
	classes = {
	};
	objectVersion = 56;
	objects = {

/* Begin PBXBuildFile section */
		090C722A2C8409E100FA21C5 /* MarkdownWebView.swift in Sources */ = {isa = PBXBuildFile; fileRef = 090C72232C8409E100FA21C5 /* MarkdownWebView.swift */; };
		090C722B2C8409E100FA21C5 /* template in Resources */ = {isa = PBXBuildFile; fileRef = 090C72252C8409E100FA21C5 /* template */; };
		090C722C2C8409E100FA21C5 /* script in Resources */ = {isa = PBXBuildFile; fileRef = 090C72262C8409E100FA21C5 /* script */; };
		090C722D2C8409E100FA21C5 /* default-iOS in Resources */ = {isa = PBXBuildFile; fileRef = 090C72282C8409E100FA21C5 /* default-iOS */; };
		090C722E2C8409E100FA21C5 /* default-macOS in Resources */ = {isa = PBXBuildFile; fileRef = 090C72292C8409E100FA21C5 /* default-macOS */; };
		092545E92DD81E8000D324DB /* ProgressBar.swift in Sources */ = {isa = PBXBuildFile; fileRef = 092545E82DD81E7600D324DB /* ProgressBar.swift */; };
		092545EC2DD83F9100D324DB /* PlanTimeItem.swift in Sources */ = {isa = PBXBuildFile; fileRef = 092545EB2DD83F7C00D324DB /* PlanTimeItem.swift */; };
		092545EE2DD8415D00D324DB /* ModelData+PlanItem.swift in Sources */ = {isa = PBXBuildFile; fileRef = 092545ED2DD8415800D324DB /* ModelData+PlanItem.swift */; };
		092545F02DD8666300D324DB /* PlanItemEditView.swift in Sources */ = {isa = PBXBuildFile; fileRef = 092545EF2DD8665A00D324DB /* PlanItemEditView.swift */; };
		092546082DE0D7BB00D324DB /* CommonDefine.swift in Sources */ = {isa = PBXBuildFile; fileRef = 092546072DE0D7B200D324DB /* CommonDefine.swift */; };
		0925460B2DE15B2C00D324DB /* PersonalTag.swift in Sources */ = {isa = PBXBuildFile; fileRef = 0925460A2DE15B2700D324DB /* PersonalTag.swift */; };
		0925460D2DE1703F00D324DB /* String+Extension.swift in Sources */ = {isa = PBXBuildFile; fileRef = 0925460C2DE1703800D324DB /* String+Extension.swift */; };
		0925460F2DE1711200D324DB /* Dictionary+Extensions.swift in Sources */ = {isa = PBXBuildFile; fileRef = 0925460E2DE1710900D324DB /* Dictionary+Extensions.swift */; };
		092546112DE1740400D324DB /* PersonalTagView.swift in Sources */ = {isa = PBXBuildFile; fileRef = 092546102DE173FC00D324DB /* PersonalTagView.swift */; };
		092546132DE17A5200D324DB /* PersonalEditTagView.swift in Sources */ = {isa = PBXBuildFile; fileRef = 092546122DE17A4C00D324DB /* PersonalEditTagView.swift */; };
		092546172DE1CE6200D324DB /* PersonalTagWindowView.swift in Sources */ = {isa = PBXBuildFile; fileRef = 092546162DE1CE5100D324DB /* PersonalTagWindowView.swift */; };
		092546192DE7611F00D324DB /* NoteListView.swift in Sources */ = {isa = PBXBuildFile; fileRef = 092546182DE7611B00D324DB /* NoteListView.swift */; };
		0925461B2DE7663300D324DB /* TagListView.swift in Sources */ = {isa = PBXBuildFile; fileRef = 0925461A2DE7663300D324DB /* TagListView.swift */; };
		092546202DE7665700D324DB /* TagCloudView.swift in Sources */ = {isa = PBXBuildFile; fileRef = 0925461C2DE7665700D324DB /* TagCloudView.swift */; };
		092546212DE7665700D324DB /* FlowLayoutView.swift in Sources */ = {isa = PBXBuildFile; fileRef = 0925461D2DE7665700D324DB /* FlowLayoutView.swift */; };
		092546222DE7665700D324DB /* TagView.swift in Sources */ = {isa = PBXBuildFile; fileRef = 0925461E2DE7665700D324DB /* TagView.swift */; };
		092546242DE7669E00D324DB /* NoteDetailView.swift in Sources */ = {isa = PBXBuildFile; fileRef = 092546232DE7669700D324DB /* NoteDetailView.swift */; };
		092AF5262DD102480067DA7D /* PlanView.swift in Sources */ = {isa = PBXBuildFile; fileRef = 092AF5252DD102450067DA7D /* PlanView.swift */; };
		093E78F52D23852D006E5120 /* TagModel.swift in Sources */ = {isa = PBXBuildFile; fileRef = 093E78F32D23852D006E5120 /* TagModel.swift */; };
		093E78F62D23852D006E5120 /* NoteModel.swift in Sources */ = {isa = PBXBuildFile; fileRef = 093E78F22D23852D006E5120 /* NoteModel.swift */; };
		093E78FA2D238533006E5120 /* ReadTag.swift in Sources */ = {isa = PBXBuildFile; fileRef = 093E78F82D238533006E5120 /* ReadTag.swift */; };
		093E78FB2D238533006E5120 /* ReadModel.swift in Sources */ = {isa = PBXBuildFile; fileRef = 093E78F72D238533006E5120 /* ReadModel.swift */; };
		093E78FE2D23855D006E5120 /* ModelData+ReadList.swift in Sources */ = {isa = PBXBuildFile; fileRef = 093E78FC2D23855D006E5120 /* ModelData+ReadList.swift */; };
		093E78FF2D23855D006E5120 /* ModelData+NoteList.swift in Sources */ = {isa = PBXBuildFile; fileRef = 093E78FD2D23855D006E5120 /* ModelData+NoteList.swift */; };
		093E79032D2385AD006E5120 /* SummaryItem.swift in Sources */ = {isa = PBXBuildFile; fileRef = 093E79012D2385AD006E5120 /* SummaryItem.swift */; };
		093E79042D2385AD006E5120 /* SummaryTag.swift in Sources */ = {isa = PBXBuildFile; fileRef = 093E79022D2385AD006E5120 /* SummaryTag.swift */; };
		093E79062D2385B4006E5120 /* ModelData+Summary.swift in Sources */ = {isa = PBXBuildFile; fileRef = 093E79052D2385B4006E5120 /* ModelData+Summary.swift */; };
		093E79082D23A010006E5120 /* ReviewView.swift in Sources */ = {isa = PBXBuildFile; fileRef = 093E79072D23A00C006E5120 /* ReviewView.swift */; };
		093E790A2D23BD57006E5120 /* RatingView.swift in Sources */ = {isa = PBXBuildFile; fileRef = 093E79092D23BD57006E5120 /* RatingView.swift */; };
		093E790C2D23BD7D006E5120 /* markdown.css in Resources */ = {isa = PBXBuildFile; fileRef = 093E790B2D23BD7D006E5120 /* markdown.css */; };
		093E790E2D2572B8006E5120 /* EditRewardView.swift in Sources */ = {isa = PBXBuildFile; fileRef = 093E790D2D2572B8006E5120 /* EditRewardView.swift */; };
		093E79102D295C60006E5120 /* AddItemView.swift in Sources */ = {isa = PBXBuildFile; fileRef = 093E790F2D295C60006E5120 /* AddItemView.swift */; };
		093E79122D297ADD006E5120 /* SummaryEditView.swift in Sources */ = {isa = PBXBuildFile; fileRef = 093E79112D297AD9006E5120 /* SummaryEditView.swift */; };
		097A040E2C6B9BA300521483 /* TodoItemListView+Month.swift in Sources */ = {isa = PBXBuildFile; fileRef = 097A040D2C6B9BA300521483 /* TodoItemListView+Month.swift */; };
		097A04102C6C588300521483 /* Array+Extensions.swift in Sources */ = {isa = PBXBuildFile; fileRef = 097A040F2C6C588300521483 /* Array+Extensions.swift */; };
		097A04122C71ED9600521483 /* TodoItemListView+Today.swift in Sources */ = {isa = PBXBuildFile; fileRef = 097A04112C71ED9600521483 /* TodoItemListView+Today.swift */; };
		097AE2C12DC481210096059B /* ModelData+Cache.swift in Sources */ = {isa = PBXBuildFile; fileRef = 097AE2C02DC481210096059B /* ModelData+Cache.swift */; };
		097AE2C62DC8E18F0096059B /* TimelineTaskView.swift in Sources */ = {isa = PBXBuildFile; fileRef = 097AE2C52DC8E18F0096059B /* TimelineTaskView.swift */; };
		097AE2C82DC9011A0096059B /* EditTielineTaskView.swift in Sources */ = {isa = PBXBuildFile; fileRef = 097AE2C72DC901130096059B /* EditTielineTaskView.swift */; };
		097AE2CA2DC903CB0096059B /* CustomAlertView.swift in Sources */ = {isa = PBXBuildFile; fileRef = 097AE2C92DC903CB0096059B /* CustomAlertView.swift */; };
		097AE2CC2DC9041B0096059B /* View-CustomAlert.swift in Sources */ = {isa = PBXBuildFile; fileRef = 097AE2CB2DC9041B0096059B /* View-CustomAlert.swift */; };
		09AAC5382DED845F0091FA4A /* ThinkListView.swift in Sources */ = {isa = PBXBuildFile; fileRef = 09AAC5372DED84590091FA4A /* ThinkListView.swift */; };
		09AAC5502DEDDA200091FA4A /* MacWebView.swift in Sources */ = {isa = PBXBuildFile; fileRef = 09AAC54F2DEDDA200091FA4A /* MacWebView.swift */; };
		09AAC5522DEDDC9A0091FA4A /* ReadListView.swift in Sources */ = {isa = PBXBuildFile; fileRef = 09AAC5512DEDDC960091FA4A /* ReadListView.swift */; };
		09D7145F2D85CC6A009DB18E /* TaskTimeItem.swift in Sources */ = {isa = PBXBuildFile; fileRef = 09D7145E2D85CC6A009DB18E /* TaskTimeItem.swift */; };
		09D714612D85D318009DB18E /* TimeLineRowView.swift in Sources */ = {isa = PBXBuildFile; fileRef = 09D714602D85D318009DB18E /* TimeLineRowView.swift */; };
		09D714632D865F34009DB18E /* StateManager.swift in Sources */ = {isa = PBXBuildFile; fileRef = 09D714622D865F2F009DB18E /* StateManager.swift */; };
		09D714652D86F8E5009DB18E /* ReviewNewView.swift in Sources */ = {isa = PBXBuildFile; fileRef = 09D714642D86F8DD009DB18E /* ReviewNewView.swift */; };
		09D714682D8FEBAB009DB18E /* DayView.swift in Sources */ = {isa = PBXBuildFile; fileRef = 09D714672D8FEBA8009DB18E /* DayView.swift */; };
		09D7146A2D9052EC009DB18E /* WeekView.swift in Sources */ = {isa = PBXBuildFile; fileRef = 09D714692D9052E4009DB18E /* WeekView.swift */; };
		09D7146C2D905661009DB18E /* WeekCalendarView.swift in Sources */ = {isa = PBXBuildFile; fileRef = 09D7146B2D90565A009DB18E /* WeekCalendarView.swift */; };
		09D714722D9DA538009DB18E /* MarkdownView.swift in Sources */ = {isa = PBXBuildFile; fileRef = 09D714712D9DA531009DB18E /* MarkdownView.swift */; };
		09D714752DAB5AC1009DB18E /* PrincipleModel.swift in Sources */ = {isa = PBXBuildFile; fileRef = 09D714742DAB5ABB009DB18E /* PrincipleModel.swift */; };
		09D714772DAB5C50009DB18E /* ModelData+Principle.swift in Sources */ = {isa = PBXBuildFile; fileRef = 09D714762DAB5C4B009DB18E /* ModelData+Principle.swift */; };
		09D714792DAB60DA009DB18E /* ToDoItemListView+Principle.swift in Sources */ = {isa = PBXBuildFile; fileRef = 09D714782DAB60CF009DB18E /* ToDoItemListView+Principle.swift */; };
		09D7147B2DAB651D009DB18E /* ToDoEditPrincipleView.swift in Sources */ = {isa = PBXBuildFile; fileRef = 09D7147A2DAB6517009DB18E /* ToDoEditPrincipleView.swift */; };
		09F80BDB2C66540F00650366 /* ToDoApp.swift in Sources */ = {isa = PBXBuildFile; fileRef = 09F80BDA2C66540F00650366 /* ToDoApp.swift */; };
		09F80BDD2C66540F00650366 /* ContentView.swift in Sources */ = {isa = PBXBuildFile; fileRef = 09F80BDC2C66540F00650366 /* ContentView.swift */; };
		09F80BDF2C66541000650366 /* Assets.xcassets in Resources */ = {isa = PBXBuildFile; fileRef = 09F80BDE2C66541000650366 /* Assets.xcassets */; };
		09F80BE32C66541000650366 /* Preview Assets.xcassets in Resources */ = {isa = PBXBuildFile; fileRef = 09F80BE22C66541000650366 /* Preview Assets.xcassets */; };
		09F80BEC2C665A3100650366 /* EventItem.swift in Sources */ = {isa = PBXBuildFile; fileRef = 09F80BEA2C665A3100650366 /* EventItem.swift */; };
		09F80BED2C665A3100650366 /* ModelData.swift in Sources */ = {isa = PBXBuildFile; fileRef = 09F80BEB2C665A3100650366 /* ModelData.swift */; };
		09F80BFD2C665A3F00650366 /* DataManager.swift in Sources */ = {isa = PBXBuildFile; fileRef = 09F80BF02C665A3F00650366 /* DataManager.swift */; };
		09F80BFE2C665A3F00650366 /* UserManager.swift in Sources */ = {isa = PBXBuildFile; fileRef = 09F80BF12C665A3F00650366 /* UserManager.swift */; };
		09F80BFF2C665A3F00650366 /* CacheManager.swift in Sources */ = {isa = PBXBuildFile; fileRef = 09F80BF22C665A3F00650366 /* CacheManager.swift */; };
		09F80C002C665A3F00650366 /* CloudManager.swift in Sources */ = {isa = PBXBuildFile; fileRef = 09F80BF32C665A3F00650366 /* CloudManager.swift */; };
		09F80C012C665A3F00650366 /* WishModel.swift in Sources */ = {isa = PBXBuildFile; fileRef = 09F80BF52C665A3F00650366 /* WishModel.swift */; };
		09F80C022C665A3F00650366 /* ItemTag.swift in Sources */ = {isa = PBXBuildFile; fileRef = 09F80BF62C665A3F00650366 /* ItemTag.swift */; };
		09F80C032C665A3F00650366 /* EventModel.swift in Sources */ = {isa = PBXBuildFile; fileRef = 09F80BF72C665A3F00650366 /* EventModel.swift */; };
		09F80C042C665A3F00650366 /* UserModel.swift in Sources */ = {isa = PBXBuildFile; fileRef = 09F80BF82C665A3F00650366 /* UserModel.swift */; };
		09F80C052C665A3F00650366 /* BaseModel.swift in Sources */ = {isa = PBXBuildFile; fileRef = 09F80BF92C665A3F00650366 /* BaseModel.swift */; };
		09F80C062C665A3F00650366 /* RewardModel.swift in Sources */ = {isa = PBXBuildFile; fileRef = 09F80BFA2C665A3F00650366 /* RewardModel.swift */; };
		09F80C072C665A3F00650366 /* CloudProtocol.swift in Sources */ = {isa = PBXBuildFile; fileRef = 09F80BFB2C665A3F00650366 /* CloudProtocol.swift */; };
		09F80C082C665A3F00650366 /* GoalModel.swift in Sources */ = {isa = PBXBuildFile; fileRef = 09F80BFC2C665A3F00650366 /* GoalModel.swift */; };
		09F80C0E2C665A5B00650366 /* Int+Extensions.swift in Sources */ = {isa = PBXBuildFile; fileRef = 09F80C0A2C665A5B00650366 /* Int+Extensions.swift */; };
		09F80C0F2C665A5B00650366 /* View+Extensions.swift in Sources */ = {isa = PBXBuildFile; fileRef = 09F80C0B2C665A5B00650366 /* View+Extensions.swift */; };
		09F80C102C665A5B00650366 /* Color+Extensions.swift in Sources */ = {isa = PBXBuildFile; fileRef = 09F80C0C2C665A5B00650366 /* Color+Extensions.swift */; };
		09F80C112C665A5B00650366 /* Date+Extensions.swift in Sources */ = {isa = PBXBuildFile; fileRef = 09F80C0D2C665A5B00650366 /* Date+Extensions.swift */; };
		09F80C132C66F55C00650366 /* ToDoSection.swift in Sources */ = {isa = PBXBuildFile; fileRef = 09F80C122C66F55C00650366 /* ToDoSection.swift */; };
		09F80C162C66F63200650366 /* SidebarView.swift in Sources */ = {isa = PBXBuildFile; fileRef = 09F80C152C66F63200650366 /* SidebarView.swift */; };
		09F80C182C66F7F700650366 /* ToDoListView.swift in Sources */ = {isa = PBXBuildFile; fileRef = 09F80C172C66F7F700650366 /* ToDoListView.swift */; };
		09F80C1A2C66F88C00650366 /* TodoItemListView.swift in Sources */ = {isa = PBXBuildFile; fileRef = 09F80C192C66F88C00650366 /* TodoItemListView.swift */; };
		09F80C1C2C66FF8D00650366 /* ToDoItemRowView.swift in Sources */ = {isa = PBXBuildFile; fileRef = 09F80C1B2C66FF8D00650366 /* ToDoItemRowView.swift */; };
		09F80C1E2C670BB300650366 /* ToDoEditView.swift in Sources */ = {isa = PBXBuildFile; fileRef = 09F80C1D2C670BB300650366 /* ToDoEditView.swift */; };
		09F80C202C670FAD00650366 /* DateIntervalView.swift in Sources */ = {isa = PBXBuildFile; fileRef = 09F80C1F2C670FAD00650366 /* DateIntervalView.swift */; };
		09FB5D572C69A33B00C079ED /* TimerModel.swift in Sources */ = {isa = PBXBuildFile; fileRef = 09FB5D562C69A33B00C079ED /* TimerModel.swift */; };
		09FDBE4E2C6870A500AC8F38 /* TodoItemListView+Week.swift in Sources */ = {isa = PBXBuildFile; fileRef = 09FDBE4D2C6870A500AC8F38 /* TodoItemListView+Week.swift */; };
		09FF8CD72C6A4B7800A74F55 /* TodoItemListView+Project.swift in Sources */ = {isa = PBXBuildFile; fileRef = 09FF8CD62C6A4B7800A74F55 /* TodoItemListView+Project.swift */; };
		2B10E8F92DE48FD2007B88AC /* SearchWindowView.swift in Sources */ = {isa = PBXBuildFile; fileRef = 2B10E8F82DE48FC8007B88AC /* SearchWindowView.swift */; };
		2B15F7572DEEF57C000F0AC8 /* Image+Extensions.swift in Sources */ = {isa = PBXBuildFile; fileRef = 2B15F7562DEEF573000F0AC8 /* Image+Extensions.swift */; };
		2BBE50382DEF2A8000D89777 /* NoteQuickView.swift in Sources */ = {isa = PBXBuildFile; fileRef = 2BBE50372DEF2A7A00D89777 /* NoteQuickView.swift */; };
		2BC54C642DDF54AB00894C6E /* MacEditReadItemView.swift in Sources */ = {isa = PBXBuildFile; fileRef = 2BC54C632DDF54AB00894C6E /* MacEditReadItemView.swift */; };
		5D46435523368AEAFF9A3BF0 /* Pods_ToDo.framework in Frameworks */ = {isa = PBXBuildFile; fileRef = 27812DCD9E4DA99EEF0A4431 /* Pods_ToDo.framework */; };
/* End PBXBuildFile section */

/* Begin PBXFileReference section */
		090C72232C8409E100FA21C5 /* MarkdownWebView.swift */ = {isa = PBXFileReference; fileEncoding = 4; lastKnownFileType = sourcecode.swift; path = MarkdownWebView.swift; sourceTree = "<group>"; };
		090C72252C8409E100FA21C5 /* template */ = {isa = PBXFileReference; fileEncoding = 4; lastKnownFileType = text; path = template; sourceTree = "<group>"; };
		090C72262C8409E100FA21C5 /* script */ = {isa = PBXFileReference; fileEncoding = 4; lastKnownFileType = text; path = script; sourceTree = "<group>"; };
		090C72282C8409E100FA21C5 /* default-iOS */ = {isa = PBXFileReference; fileEncoding = 4; lastKnownFileType = text; path = "default-iOS"; sourceTree = "<group>"; };
		090C72292C8409E100FA21C5 /* default-macOS */ = {isa = PBXFileReference; fileEncoding = 4; lastKnownFileType = text; path = "default-macOS"; sourceTree = "<group>"; };
		092545E82DD81E7600D324DB /* ProgressBar.swift */ = {isa = PBXFileReference; lastKnownFileType = sourcecode.swift; path = ProgressBar.swift; sourceTree = "<group>"; };
		092545EB2DD83F7C00D324DB /* PlanTimeItem.swift */ = {isa = PBXFileReference; lastKnownFileType = sourcecode.swift; path = PlanTimeItem.swift; sourceTree = "<group>"; };
		092545ED2DD8415800D324DB /* ModelData+PlanItem.swift */ = {isa = PBXFileReference; lastKnownFileType = sourcecode.swift; path = "ModelData+PlanItem.swift"; sourceTree = "<group>"; };
		092545EF2DD8665A00D324DB /* PlanItemEditView.swift */ = {isa = PBXFileReference; lastKnownFileType = sourcecode.swift; path = PlanItemEditView.swift; sourceTree = "<group>"; };
		092546072DE0D7B200D324DB /* CommonDefine.swift */ = {isa = PBXFileReference; lastKnownFileType = sourcecode.swift; path = CommonDefine.swift; sourceTree = "<group>"; };
		0925460A2DE15B2700D324DB /* PersonalTag.swift */ = {isa = PBXFileReference; lastKnownFileType = sourcecode.swift; path = PersonalTag.swift; sourceTree = "<group>"; };
		0925460C2DE1703800D324DB /* String+Extension.swift */ = {isa = PBXFileReference; lastKnownFileType = sourcecode.swift; path = "String+Extension.swift"; sourceTree = "<group>"; };
		0925460E2DE1710900D324DB /* Dictionary+Extensions.swift */ = {isa = PBXFileReference; lastKnownFileType = sourcecode.swift; path = "Dictionary+Extensions.swift"; sourceTree = "<group>"; };
		092546102DE173FC00D324DB /* PersonalTagView.swift */ = {isa = PBXFileReference; lastKnownFileType = sourcecode.swift; path = PersonalTagView.swift; sourceTree = "<group>"; };
		092546122DE17A4C00D324DB /* PersonalEditTagView.swift */ = {isa = PBXFileReference; lastKnownFileType = sourcecode.swift; path = PersonalEditTagView.swift; sourceTree = "<group>"; };
		092546162DE1CE5100D324DB /* PersonalTagWindowView.swift */ = {isa = PBXFileReference; lastKnownFileType = sourcecode.swift; path = PersonalTagWindowView.swift; sourceTree = "<group>"; };
		092546182DE7611B00D324DB /* NoteListView.swift */ = {isa = PBXFileReference; lastKnownFileType = sourcecode.swift; path = NoteListView.swift; sourceTree = "<group>"; };
		0925461A2DE7663300D324DB /* TagListView.swift */ = {isa = PBXFileReference; lastKnownFileType = sourcecode.swift; path = TagListView.swift; sourceTree = "<group>"; };
		0925461C2DE7665700D324DB /* TagCloudView.swift */ = {isa = PBXFileReference; lastKnownFileType = sourcecode.swift; path = TagCloudView.swift; sourceTree = "<group>"; };
		0925461D2DE7665700D324DB /* FlowLayoutView.swift */ = {isa = PBXFileReference; lastKnownFileType = sourcecode.swift; path = FlowLayoutView.swift; sourceTree = "<group>"; };
		0925461E2DE7665700D324DB /* TagView.swift */ = {isa = PBXFileReference; lastKnownFileType = sourcecode.swift; path = TagView.swift; sourceTree = "<group>"; };
		092546232DE7669700D324DB /* NoteDetailView.swift */ = {isa = PBXFileReference; lastKnownFileType = sourcecode.swift; path = NoteDetailView.swift; sourceTree = "<group>"; };
		092AF5252DD102450067DA7D /* PlanView.swift */ = {isa = PBXFileReference; lastKnownFileType = sourcecode.swift; path = PlanView.swift; sourceTree = "<group>"; };
		093E78F22D23852D006E5120 /* NoteModel.swift */ = {isa = PBXFileReference; lastKnownFileType = sourcecode.swift; path = NoteModel.swift; sourceTree = "<group>"; };
		093E78F32D23852D006E5120 /* TagModel.swift */ = {isa = PBXFileReference; lastKnownFileType = sourcecode.swift; path = TagModel.swift; sourceTree = "<group>"; };
		093E78F72D238533006E5120 /* ReadModel.swift */ = {isa = PBXFileReference; lastKnownFileType = sourcecode.swift; path = ReadModel.swift; sourceTree = "<group>"; };
		093E78F82D238533006E5120 /* ReadTag.swift */ = {isa = PBXFileReference; lastKnownFileType = sourcecode.swift; path = ReadTag.swift; sourceTree = "<group>"; };
		093E78FC2D23855D006E5120 /* ModelData+ReadList.swift */ = {isa = PBXFileReference; lastKnownFileType = sourcecode.swift; path = "ModelData+ReadList.swift"; sourceTree = "<group>"; };
		093E78FD2D23855D006E5120 /* ModelData+NoteList.swift */ = {isa = PBXFileReference; lastKnownFileType = sourcecode.swift; path = "ModelData+NoteList.swift"; sourceTree = "<group>"; };
		093E79012D2385AD006E5120 /* SummaryItem.swift */ = {isa = PBXFileReference; lastKnownFileType = sourcecode.swift; path = SummaryItem.swift; sourceTree = "<group>"; };
		093E79022D2385AD006E5120 /* SummaryTag.swift */ = {isa = PBXFileReference; lastKnownFileType = sourcecode.swift; path = SummaryTag.swift; sourceTree = "<group>"; };
		093E79052D2385B4006E5120 /* ModelData+Summary.swift */ = {isa = PBXFileReference; lastKnownFileType = sourcecode.swift; path = "ModelData+Summary.swift"; sourceTree = "<group>"; };
		093E79072D23A00C006E5120 /* ReviewView.swift */ = {isa = PBXFileReference; lastKnownFileType = sourcecode.swift; path = ReviewView.swift; sourceTree = "<group>"; };
		093E79092D23BD57006E5120 /* RatingView.swift */ = {isa = PBXFileReference; lastKnownFileType = sourcecode.swift; path = RatingView.swift; sourceTree = "<group>"; };
		093E790B2D23BD7D006E5120 /* markdown.css */ = {isa = PBXFileReference; lastKnownFileType = text.css; path = markdown.css; sourceTree = "<group>"; };
		093E790D2D2572B8006E5120 /* EditRewardView.swift */ = {isa = PBXFileReference; lastKnownFileType = sourcecode.swift; path = EditRewardView.swift; sourceTree = "<group>"; };
		093E790F2D295C60006E5120 /* AddItemView.swift */ = {isa = PBXFileReference; lastKnownFileType = sourcecode.swift; path = AddItemView.swift; sourceTree = "<group>"; };
		093E79112D297AD9006E5120 /* SummaryEditView.swift */ = {isa = PBXFileReference; lastKnownFileType = sourcecode.swift; path = SummaryEditView.swift; sourceTree = "<group>"; };
		097A040D2C6B9BA300521483 /* TodoItemListView+Month.swift */ = {isa = PBXFileReference; lastKnownFileType = sourcecode.swift; path = "TodoItemListView+Month.swift"; sourceTree = "<group>"; };
		097A040F2C6C588300521483 /* Array+Extensions.swift */ = {isa = PBXFileReference; lastKnownFileType = sourcecode.swift; path = "Array+Extensions.swift"; sourceTree = "<group>"; };
		097A04112C71ED9600521483 /* TodoItemListView+Today.swift */ = {isa = PBXFileReference; lastKnownFileType = sourcecode.swift; path = "TodoItemListView+Today.swift"; sourceTree = "<group>"; };
		097AE2C02DC481210096059B /* ModelData+Cache.swift */ = {isa = PBXFileReference; lastKnownFileType = sourcecode.swift; path = "ModelData+Cache.swift"; sourceTree = "<group>"; };
		097AE2C52DC8E18F0096059B /* TimelineTaskView.swift */ = {isa = PBXFileReference; lastKnownFileType = sourcecode.swift; path = TimelineTaskView.swift; sourceTree = "<group>"; };
		097AE2C72DC901130096059B /* EditTielineTaskView.swift */ = {isa = PBXFileReference; lastKnownFileType = sourcecode.swift; path = EditTielineTaskView.swift; sourceTree = "<group>"; };
		097AE2C92DC903CB0096059B /* CustomAlertView.swift */ = {isa = PBXFileReference; lastKnownFileType = sourcecode.swift; path = CustomAlertView.swift; sourceTree = "<group>"; };
		097AE2CB2DC9041B0096059B /* View-CustomAlert.swift */ = {isa = PBXFileReference; lastKnownFileType = sourcecode.swift; path = "View-CustomAlert.swift"; sourceTree = "<group>"; };
		09AAC5372DED84590091FA4A /* ThinkListView.swift */ = {isa = PBXFileReference; lastKnownFileType = sourcecode.swift; path = ThinkListView.swift; sourceTree = "<group>"; };
		09AAC54F2DEDDA200091FA4A /* MacWebView.swift */ = {isa = PBXFileReference; lastKnownFileType = sourcecode.swift; path = MacWebView.swift; sourceTree = "<group>"; };
		09AAC5512DEDDC960091FA4A /* ReadListView.swift */ = {isa = PBXFileReference; lastKnownFileType = sourcecode.swift; path = ReadListView.swift; sourceTree = "<group>"; };
		09D7145E2D85CC6A009DB18E /* TaskTimeItem.swift */ = {isa = PBXFileReference; lastKnownFileType = sourcecode.swift; path = TaskTimeItem.swift; sourceTree = "<group>"; };
		09D714602D85D318009DB18E /* TimeLineRowView.swift */ = {isa = PBXFileReference; lastKnownFileType = sourcecode.swift; path = TimeLineRowView.swift; sourceTree = "<group>"; };
		09D714622D865F2F009DB18E /* StateManager.swift */ = {isa = PBXFileReference; lastKnownFileType = sourcecode.swift; path = StateManager.swift; sourceTree = "<group>"; };
		09D714642D86F8DD009DB18E /* ReviewNewView.swift */ = {isa = PBXFileReference; lastKnownFileType = sourcecode.swift; path = ReviewNewView.swift; sourceTree = "<group>"; };
		09D714672D8FEBA8009DB18E /* DayView.swift */ = {isa = PBXFileReference; lastKnownFileType = sourcecode.swift; path = DayView.swift; sourceTree = "<group>"; };
		09D714692D9052E4009DB18E /* WeekView.swift */ = {isa = PBXFileReference; lastKnownFileType = sourcecode.swift; path = WeekView.swift; sourceTree = "<group>"; };
		09D7146B2D90565A009DB18E /* WeekCalendarView.swift */ = {isa = PBXFileReference; lastKnownFileType = sourcecode.swift; path = WeekCalendarView.swift; sourceTree = "<group>"; };
		09D714712D9DA531009DB18E /* MarkdownView.swift */ = {isa = PBXFileReference; lastKnownFileType = sourcecode.swift; path = MarkdownView.swift; sourceTree = "<group>"; };
		09D714742DAB5ABB009DB18E /* PrincipleModel.swift */ = {isa = PBXFileReference; lastKnownFileType = sourcecode.swift; path = PrincipleModel.swift; sourceTree = "<group>"; };
		09D714762DAB5C4B009DB18E /* ModelData+Principle.swift */ = {isa = PBXFileReference; lastKnownFileType = sourcecode.swift; path = "ModelData+Principle.swift"; sourceTree = "<group>"; };
		09D714782DAB60CF009DB18E /* ToDoItemListView+Principle.swift */ = {isa = PBXFileReference; lastKnownFileType = sourcecode.swift; path = "ToDoItemListView+Principle.swift"; sourceTree = "<group>"; };
		09D7147A2DAB6517009DB18E /* ToDoEditPrincipleView.swift */ = {isa = PBXFileReference; lastKnownFileType = sourcecode.swift; path = ToDoEditPrincipleView.swift; sourceTree = "<group>"; };
		09F80BD72C66540F00650366 /* ToDo.app */ = {isa = PBXFileReference; explicitFileType = wrapper.application; includeInIndex = 0; path = ToDo.app; sourceTree = BUILT_PRODUCTS_DIR; };
		09F80BDA2C66540F00650366 /* ToDoApp.swift */ = {isa = PBXFileReference; lastKnownFileType = sourcecode.swift; path = ToDoApp.swift; sourceTree = "<group>"; };
		09F80BDC2C66540F00650366 /* ContentView.swift */ = {isa = PBXFileReference; lastKnownFileType = sourcecode.swift; path = ContentView.swift; sourceTree = "<group>"; };
		09F80BDE2C66541000650366 /* Assets.xcassets */ = {isa = PBXFileReference; lastKnownFileType = folder.assetcatalog; path = Assets.xcassets; sourceTree = "<group>"; };
		09F80BE02C66541000650366 /* ToDo.entitlements */ = {isa = PBXFileReference; lastKnownFileType = text.plist.entitlements; path = ToDo.entitlements; sourceTree = "<group>"; };
		09F80BE22C66541000650366 /* Preview Assets.xcassets */ = {isa = PBXFileReference; lastKnownFileType = folder.assetcatalog; path = "Preview Assets.xcassets"; sourceTree = "<group>"; };
		09F80BEA2C665A3100650366 /* EventItem.swift */ = {isa = PBXFileReference; fileEncoding = 4; lastKnownFileType = sourcecode.swift; path = EventItem.swift; sourceTree = "<group>"; };
		09F80BEB2C665A3100650366 /* ModelData.swift */ = {isa = PBXFileReference; fileEncoding = 4; lastKnownFileType = sourcecode.swift; path = ModelData.swift; sourceTree = "<group>"; };
		09F80BF02C665A3F00650366 /* DataManager.swift */ = {isa = PBXFileReference; fileEncoding = 4; lastKnownFileType = sourcecode.swift; path = DataManager.swift; sourceTree = "<group>"; };
		09F80BF12C665A3F00650366 /* UserManager.swift */ = {isa = PBXFileReference; fileEncoding = 4; lastKnownFileType = sourcecode.swift; path = UserManager.swift; sourceTree = "<group>"; };
		09F80BF22C665A3F00650366 /* CacheManager.swift */ = {isa = PBXFileReference; fileEncoding = 4; lastKnownFileType = sourcecode.swift; path = CacheManager.swift; sourceTree = "<group>"; };
		09F80BF32C665A3F00650366 /* CloudManager.swift */ = {isa = PBXFileReference; fileEncoding = 4; lastKnownFileType = sourcecode.swift; path = CloudManager.swift; sourceTree = "<group>"; };
		09F80BF52C665A3F00650366 /* WishModel.swift */ = {isa = PBXFileReference; fileEncoding = 4; lastKnownFileType = sourcecode.swift; path = WishModel.swift; sourceTree = "<group>"; };
		09F80BF62C665A3F00650366 /* ItemTag.swift */ = {isa = PBXFileReference; fileEncoding = 4; lastKnownFileType = sourcecode.swift; path = ItemTag.swift; sourceTree = "<group>"; };
		09F80BF72C665A3F00650366 /* EventModel.swift */ = {isa = PBXFileReference; fileEncoding = 4; lastKnownFileType = sourcecode.swift; path = EventModel.swift; sourceTree = "<group>"; };
		09F80BF82C665A3F00650366 /* UserModel.swift */ = {isa = PBXFileReference; fileEncoding = 4; lastKnownFileType = sourcecode.swift; path = UserModel.swift; sourceTree = "<group>"; };
		09F80BF92C665A3F00650366 /* BaseModel.swift */ = {isa = PBXFileReference; fileEncoding = 4; lastKnownFileType = sourcecode.swift; path = BaseModel.swift; sourceTree = "<group>"; };
		09F80BFA2C665A3F00650366 /* RewardModel.swift */ = {isa = PBXFileReference; fileEncoding = 4; lastKnownFileType = sourcecode.swift; path = RewardModel.swift; sourceTree = "<group>"; };
		09F80BFB2C665A3F00650366 /* CloudProtocol.swift */ = {isa = PBXFileReference; fileEncoding = 4; lastKnownFileType = sourcecode.swift; path = CloudProtocol.swift; sourceTree = "<group>"; };
		09F80BFC2C665A3F00650366 /* GoalModel.swift */ = {isa = PBXFileReference; fileEncoding = 4; lastKnownFileType = sourcecode.swift; path = GoalModel.swift; sourceTree = "<group>"; };
		09F80C0A2C665A5B00650366 /* Int+Extensions.swift */ = {isa = PBXFileReference; fileEncoding = 4; lastKnownFileType = sourcecode.swift; path = "Int+Extensions.swift"; sourceTree = "<group>"; };
		09F80C0B2C665A5B00650366 /* View+Extensions.swift */ = {isa = PBXFileReference; fileEncoding = 4; lastKnownFileType = sourcecode.swift; path = "View+Extensions.swift"; sourceTree = "<group>"; };
		09F80C0C2C665A5B00650366 /* Color+Extensions.swift */ = {isa = PBXFileReference; fileEncoding = 4; lastKnownFileType = sourcecode.swift; path = "Color+Extensions.swift"; sourceTree = "<group>"; };
		09F80C0D2C665A5B00650366 /* Date+Extensions.swift */ = {isa = PBXFileReference; fileEncoding = 4; lastKnownFileType = sourcecode.swift; path = "Date+Extensions.swift"; sourceTree = "<group>"; };
		09F80C122C66F55C00650366 /* ToDoSection.swift */ = {isa = PBXFileReference; lastKnownFileType = sourcecode.swift; path = ToDoSection.swift; sourceTree = "<group>"; };
		09F80C152C66F63200650366 /* SidebarView.swift */ = {isa = PBXFileReference; lastKnownFileType = sourcecode.swift; path = SidebarView.swift; sourceTree = "<group>"; };
		09F80C172C66F7F700650366 /* ToDoListView.swift */ = {isa = PBXFileReference; lastKnownFileType = sourcecode.swift; path = ToDoListView.swift; sourceTree = "<group>"; };
		09F80C192C66F88C00650366 /* TodoItemListView.swift */ = {isa = PBXFileReference; lastKnownFileType = sourcecode.swift; path = TodoItemListView.swift; sourceTree = "<group>"; };
		09F80C1B2C66FF8D00650366 /* ToDoItemRowView.swift */ = {isa = PBXFileReference; lastKnownFileType = sourcecode.swift; path = ToDoItemRowView.swift; sourceTree = "<group>"; };
		09F80C1D2C670BB300650366 /* ToDoEditView.swift */ = {isa = PBXFileReference; lastKnownFileType = sourcecode.swift; path = ToDoEditView.swift; sourceTree = "<group>"; };
		09F80C1F2C670FAD00650366 /* DateIntervalView.swift */ = {isa = PBXFileReference; lastKnownFileType = sourcecode.swift; path = DateIntervalView.swift; sourceTree = "<group>"; };
		09FB5D562C69A33B00C079ED /* TimerModel.swift */ = {isa = PBXFileReference; lastKnownFileType = sourcecode.swift; path = TimerModel.swift; sourceTree = "<group>"; };
		09FDBE4D2C6870A500AC8F38 /* TodoItemListView+Week.swift */ = {isa = PBXFileReference; lastKnownFileType = sourcecode.swift; path = "TodoItemListView+Week.swift"; sourceTree = "<group>"; };
		09FF8CD62C6A4B7800A74F55 /* TodoItemListView+Project.swift */ = {isa = PBXFileReference; lastKnownFileType = sourcecode.swift; path = "TodoItemListView+Project.swift"; sourceTree = "<group>"; };
		27812DCD9E4DA99EEF0A4431 /* Pods_ToDo.framework */ = {isa = PBXFileReference; explicitFileType = wrapper.framework; includeInIndex = 0; path = Pods_ToDo.framework; sourceTree = BUILT_PRODUCTS_DIR; };
		2B10E8F82DE48FC8007B88AC /* SearchWindowView.swift */ = {isa = PBXFileReference; lastKnownFileType = sourcecode.swift; path = SearchWindowView.swift; sourceTree = "<group>"; };
		2B15F7562DEEF573000F0AC8 /* Image+Extensions.swift */ = {isa = PBXFileReference; lastKnownFileType = sourcecode.swift; path = "Image+Extensions.swift"; sourceTree = "<group>"; };
		2BBE50372DEF2A7A00D89777 /* NoteQuickView.swift */ = {isa = PBXFileReference; lastKnownFileType = sourcecode.swift; path = NoteQuickView.swift; sourceTree = "<group>"; };
		2BC54C632DDF54AB00894C6E /* MacEditReadItemView.swift */ = {isa = PBXFileReference; lastKnownFileType = sourcecode.swift; path = MacEditReadItemView.swift; sourceTree = "<group>"; };
		D3B5A7BD036DC5D0B04CA9A2 /* Pods-ToDo.release.xcconfig */ = {isa = PBXFileReference; includeInIndex = 1; lastKnownFileType = text.xcconfig; name = "Pods-ToDo.release.xcconfig"; path = "Target Support Files/Pods-ToDo/Pods-ToDo.release.xcconfig"; sourceTree = "<group>"; };
		F09232FCA5EA1DB299605B8E /* Pods-ToDo.debug.xcconfig */ = {isa = PBXFileReference; includeInIndex = 1; lastKnownFileType = text.xcconfig; name = "Pods-ToDo.debug.xcconfig"; path = "Target Support Files/Pods-ToDo/Pods-ToDo.debug.xcconfig"; sourceTree = "<group>"; };
/* End PBXFileReference section */

/* Begin PBXFrameworksBuildPhase section */
		09F80BD42C66540F00650366 /* Frameworks */ = {
			isa = PBXFrameworksBuildPhase;
			buildActionMask = 2147483647;
			files = (
				5D46435523368AEAFF9A3BF0 /* Pods_ToDo.framework in Frameworks */,
			);
			runOnlyForDeploymentPostprocessing = 0;
		};
/* End PBXFrameworksBuildPhase section */

/* Begin PBXGroup section */
		090C72212C8409D600FA21C5 /* Components */ = {
			isa = PBXGroup;
			children = (
				0925461F2DE7665700D324DB /* TagCloud */,
				09D714662D8FEB99009DB18E /* Calendar */,
				090C72222C8409E100FA21C5 /* MarkdownWebView */,
			);
			path = Components;
			sourceTree = "<group>";
		};
		090C72222C8409E100FA21C5 /* MarkdownWebView */ = {
			isa = PBXGroup;
			children = (
				090C72232C8409E100FA21C5 /* MarkdownWebView.swift */,
				090C72242C8409E100FA21C5 /* Resources */,
			);
			path = MarkdownWebView;
			sourceTree = "<group>";
		};
		090C72242C8409E100FA21C5 /* Resources */ = {
			isa = PBXGroup;
			children = (
				090C72252C8409E100FA21C5 /* template */,
				090C72262C8409E100FA21C5 /* script */,
				090C72272C8409E100FA21C5 /* stylesheets */,
			);
			path = Resources;
			sourceTree = "<group>";
		};
		090C72272C8409E100FA21C5 /* stylesheets */ = {
			isa = PBXGroup;
			children = (
				090C72282C8409E100FA21C5 /* default-iOS */,
				090C72292C8409E100FA21C5 /* default-macOS */,
				093E790B2D23BD7D006E5120 /* markdown.css */,
			);
			path = stylesheets;
			sourceTree = "<group>";
		};
		092545EA2DD83F7300D324DB /* Plan */ = {
			isa = PBXGroup;
			children = (
				092545EB2DD83F7C00D324DB /* PlanTimeItem.swift */,
			);
			path = Plan;
			sourceTree = "<group>";
		};
		092546092DE15B1C00D324DB /* Personal */ = {
			isa = PBXGroup;
			children = (
				0925460A2DE15B2700D324DB /* PersonalTag.swift */,
			);
			path = Personal;
			sourceTree = "<group>";
		};
		0925461F2DE7665700D324DB /* TagCloud */ = {
			isa = PBXGroup;
			children = (
				0925461C2DE7665700D324DB /* TagCloudView.swift */,
				0925461D2DE7665700D324DB /* FlowLayoutView.swift */,
				0925461E2DE7665700D324DB /* TagView.swift */,
			);
			path = TagCloud;
			sourceTree = "<group>";
		};
		093E78F42D23852D006E5120 /* Note */ = {
			isa = PBXGroup;
			children = (
				093E78F22D23852D006E5120 /* NoteModel.swift */,
				093E78F32D23852D006E5120 /* TagModel.swift */,
			);
			path = Note;
			sourceTree = "<group>";
		};
		093E78F92D238533006E5120 /* Read */ = {
			isa = PBXGroup;
			children = (
				093E78F72D238533006E5120 /* ReadModel.swift */,
				093E78F82D238533006E5120 /* ReadTag.swift */,
			);
			path = Read;
			sourceTree = "<group>";
		};
		093E79002D23858E006E5120 /* Summary */ = {
			isa = PBXGroup;
			children = (
				093E79012D2385AD006E5120 /* SummaryItem.swift */,
				093E79022D2385AD006E5120 /* SummaryTag.swift */,
			);
			path = Summary;
			sourceTree = "<group>";
		};
		09D714662D8FEB99009DB18E /* Calendar */ = {
			isa = PBXGroup;
			children = (
				09D7146B2D90565A009DB18E /* WeekCalendarView.swift */,
				09D714692D9052E4009DB18E /* WeekView.swift */,
				09D714672D8FEBA8009DB18E /* DayView.swift */,
			);
			path = Calendar;
			sourceTree = "<group>";
		};
		09D714732DAB5AB0009DB18E /* Principle */ = {
			isa = PBXGroup;
			children = (
				09D714742DAB5ABB009DB18E /* PrincipleModel.swift */,
			);
			path = Principle;
			sourceTree = "<group>";
		};
		09F80BCE2C66540F00650366 = {
			isa = PBXGroup;
			children = (
				09F80BD92C66540F00650366 /* ToDo */,
				09F80BD82C66540F00650366 /* Products */,
				F43FF5C03CDDAFAD692B522B /* Pods */,
				4D9CF80E2E2CB51836DD750D /* Frameworks */,
			);
			sourceTree = "<group>";
		};
		09F80BD82C66540F00650366 /* Products */ = {
			isa = PBXGroup;
			children = (
				09F80BD72C66540F00650366 /* ToDo.app */,
			);
			name = Products;
			sourceTree = "<group>";
		};
		09F80BD92C66540F00650366 /* ToDo */ = {
			isa = PBXGroup;
			children = (
				090C72212C8409D600FA21C5 /* Components */,
				09FB5D552C69A33000C079ED /* Timer */,
				09F80C142C66F62700650366 /* Views */,
				09F80C092C665A5B00650366 /* Utils */,
				09F80BEE2C665A3F00650366 /* Server */,
				09F80BE92C665A3100650366 /* Models */,
				09F80BDA2C66540F00650366 /* ToDoApp.swift */,
				09F80BDC2C66540F00650366 /* ContentView.swift */,
				09F80BDE2C66541000650366 /* Assets.xcassets */,
				09F80BE02C66541000650366 /* ToDo.entitlements */,
				09F80BE12C66541000650366 /* Preview Content */,
			);
			path = ToDo;
			sourceTree = "<group>";
		};
		09F80BE12C66541000650366 /* Preview Content */ = {
			isa = PBXGroup;
			children = (
				09F80BE22C66541000650366 /* Preview Assets.xcassets */,
			);
			path = "Preview Content";
			sourceTree = "<group>";
		};
		09F80BE92C665A3100650366 /* Models */ = {
			isa = PBXGroup;
			children = (
				092545ED2DD8415800D324DB /* ModelData+PlanItem.swift */,
				097AE2C02DC481210096059B /* ModelData+Cache.swift */,
				09D714762DAB5C4B009DB18E /* ModelData+Principle.swift */,
				093E79052D2385B4006E5120 /* ModelData+Summary.swift */,
				093E78FC2D23855D006E5120 /* ModelData+ReadList.swift */,
				093E78FD2D23855D006E5120 /* ModelData+NoteList.swift */,
				09F80BEA2C665A3100650366 /* EventItem.swift */,
				09F80BEB2C665A3100650366 /* ModelData.swift */,
				09F80C122C66F55C00650366 /* ToDoSection.swift */,
			);
			path = Models;
			sourceTree = "<group>";
		};
		09F80BEE2C665A3F00650366 /* Server */ = {
			isa = PBXGroup;
			children = (
				09F80BEF2C665A3F00650366 /* Manager */,
				09F80BF42C665A3F00650366 /* Model */,
			);
			path = Server;
			sourceTree = "<group>";
		};
		09F80BEF2C665A3F00650366 /* Manager */ = {
			isa = PBXGroup;
			children = (
				09D714622D865F2F009DB18E /* StateManager.swift */,
				09F80BF02C665A3F00650366 /* DataManager.swift */,
				09F80BF12C665A3F00650366 /* UserManager.swift */,
				09F80BF22C665A3F00650366 /* CacheManager.swift */,
				09F80BF32C665A3F00650366 /* CloudManager.swift */,
			);
			path = Manager;
			sourceTree = "<group>";
		};
		09F80BF42C665A3F00650366 /* Model */ = {
			isa = PBXGroup;
			children = (
				092546092DE15B1C00D324DB /* Personal */,
				092546072DE0D7B200D324DB /* CommonDefine.swift */,
				092545EA2DD83F7300D324DB /* Plan */,
				09D714732DAB5AB0009DB18E /* Principle */,
				09D7145E2D85CC6A009DB18E /* TaskTimeItem.swift */,
				093E79002D23858E006E5120 /* Summary */,
				093E78F92D238533006E5120 /* Read */,
				093E78F42D23852D006E5120 /* Note */,
				09F80BF52C665A3F00650366 /* WishModel.swift */,
				09F80BF62C665A3F00650366 /* ItemTag.swift */,
				09F80BF72C665A3F00650366 /* EventModel.swift */,
				09F80BF82C665A3F00650366 /* UserModel.swift */,
				09F80BF92C665A3F00650366 /* BaseModel.swift */,
				09F80BFA2C665A3F00650366 /* RewardModel.swift */,
				09F80BFB2C665A3F00650366 /* CloudProtocol.swift */,
				09F80BFC2C665A3F00650366 /* GoalModel.swift */,
			);
			path = Model;
			sourceTree = "<group>";
		};
		09F80C092C665A5B00650366 /* Utils */ = {
			isa = PBXGroup;
			children = (
				2B15F7562DEEF573000F0AC8 /* Image+Extensions.swift */,
				0925460E2DE1710900D324DB /* Dictionary+Extensions.swift */,
				0925460C2DE1703800D324DB /* String+Extension.swift */,
				092545E82DD81E7600D324DB /* ProgressBar.swift */,
				093E79092D23BD57006E5120 /* RatingView.swift */,
				09F80C0A2C665A5B00650366 /* Int+Extensions.swift */,
				09F80C0B2C665A5B00650366 /* View+Extensions.swift */,
				09F80C0C2C665A5B00650366 /* Color+Extensions.swift */,
				09F80C0D2C665A5B00650366 /* Date+Extensions.swift */,
				097A040F2C6C588300521483 /* Array+Extensions.swift */,
				097AE2C92DC903CB0096059B /* CustomAlertView.swift */,
				097AE2CB2DC9041B0096059B /* View-CustomAlert.swift */,
			);
			path = Utils;
			sourceTree = "<group>";
		};
		09F80C142C66F62700650366 /* Views */ = {
			isa = PBXGroup;
			children = (
				2BBE50372DEF2A7A00D89777 /* NoteQuickView.swift */,
				09AAC5512DEDDC960091FA4A /* ReadListView.swift */,
				09AAC54F2DEDDA200091FA4A /* MacWebView.swift */,
				09AAC5372DED84590091FA4A /* ThinkListView.swift */,
				092546232DE7669700D324DB /* NoteDetailView.swift */,
				092546182DE7611B00D324DB /* NoteListView.swift */,
				2B10E8F82DE48FC8007B88AC /* SearchWindowView.swift */,
				092546162DE1CE5100D324DB /* PersonalTagWindowView.swift */,
				092546122DE17A4C00D324DB /* PersonalEditTagView.swift */,
				092546102DE173FC00D324DB /* PersonalTagView.swift */,
				2BC54C632DDF54AB00894C6E /* MacEditReadItemView.swift */,
				092545EF2DD8665A00D324DB /* PlanItemEditView.swift */,
				092AF5252DD102450067DA7D /* PlanView.swift */,
				097AE2C72DC901130096059B /* EditTielineTaskView.swift */,
				097AE2C52DC8E18F0096059B /* TimelineTaskView.swift */,
				09D7147A2DAB6517009DB18E /* ToDoEditPrincipleView.swift */,
				09D714782DAB60CF009DB18E /* ToDoItemListView+Principle.swift */,
				09D714712D9DA531009DB18E /* MarkdownView.swift */,
				09D714642D86F8DD009DB18E /* ReviewNewView.swift */,
				09D714602D85D318009DB18E /* TimeLineRowView.swift */,
				093E79112D297AD9006E5120 /* SummaryEditView.swift */,
				093E790D2D2572B8006E5120 /* EditRewardView.swift */,
				093E79072D23A00C006E5120 /* ReviewView.swift */,
				09F80C152C66F63200650366 /* SidebarView.swift */,
				09F80C172C66F7F700650366 /* ToDoListView.swift */,
				09F80C192C66F88C00650366 /* TodoItemListView.swift */,
				09F80C1B2C66FF8D00650366 /* ToDoItemRowView.swift */,
				09F80C1D2C670BB300650366 /* ToDoEditView.swift */,
				09F80C1F2C670FAD00650366 /* DateIntervalView.swift */,
				09FDBE4D2C6870A500AC8F38 /* TodoItemListView+Week.swift */,
				09FF8CD62C6A4B7800A74F55 /* TodoItemListView+Project.swift */,
				097A040D2C6B9BA300521483 /* TodoItemListView+Month.swift */,
				097A04112C71ED9600521483 /* TodoItemListView+Today.swift */,
				093E790F2D295C60006E5120 /* AddItemView.swift */,
				0925461A2DE7663300D324DB /* TagListView.swift */,
			);
			path = Views;
			sourceTree = "<group>";
		};
		09FB5D552C69A33000C079ED /* Timer */ = {
			isa = PBXGroup;
			children = (
				09FB5D562C69A33B00C079ED /* TimerModel.swift */,
			);
			path = Timer;
			sourceTree = "<group>";
		};
		4D9CF80E2E2CB51836DD750D /* Frameworks */ = {
			isa = PBXGroup;
			children = (
				27812DCD9E4DA99EEF0A4431 /* Pods_ToDo.framework */,
			);
			name = Frameworks;
			sourceTree = "<group>";
		};
		F43FF5C03CDDAFAD692B522B /* Pods */ = {
			isa = PBXGroup;
			children = (
				F09232FCA5EA1DB299605B8E /* Pods-ToDo.debug.xcconfig */,
				D3B5A7BD036DC5D0B04CA9A2 /* Pods-ToDo.release.xcconfig */,
			);
			path = Pods;
			sourceTree = "<group>";
		};
/* End PBXGroup section */

/* Begin PBXNativeTarget section */
		09F80BD62C66540F00650366 /* ToDo */ = {
			isa = PBXNativeTarget;
			buildConfigurationList = 09F80BE62C66541000650366 /* Build configuration list for PBXNativeTarget "ToDo" */;
			buildPhases = (
				53030AB001A942E4B254AC20 /* [CP] Check Pods Manifest.lock */,
				09F80BD32C66540F00650366 /* Sources */,
				09F80BD42C66540F00650366 /* Frameworks */,
				09F80BD52C66540F00650366 /* Resources */,
				21A6409B000694A638C757E8 /* [CP] Embed Pods Frameworks */,
			);
			buildRules = (
			);
			dependencies = (
			);
			name = ToDo;
			productName = ToDo;
			productReference = 09F80BD72C66540F00650366 /* ToDo.app */;
			productType = "com.apple.product-type.application";
		};
/* End PBXNativeTarget section */

/* Begin PBXProject section */
		09F80BCF2C66540F00650366 /* Project object */ = {
			isa = PBXProject;
			attributes = {
				BuildIndependentTargetsInParallel = 1;
				LastSwiftUpdateCheck = 1520;
				LastUpgradeCheck = 1520;
				TargetAttributes = {
					09F80BD62C66540F00650366 = {
						CreatedOnToolsVersion = 15.2;
					};
				};
			};
			buildConfigurationList = 09F80BD22C66540F00650366 /* Build configuration list for PBXProject "ToDo" */;
			compatibilityVersion = "Xcode 14.0";
			developmentRegion = en;
			hasScannedForEncodings = 0;
			knownRegions = (
				en,
				Base,
			);
			mainGroup = 09F80BCE2C66540F00650366;
			productRefGroup = 09F80BD82C66540F00650366 /* Products */;
			projectDirPath = "";
			projectRoot = "";
			targets = (
				09F80BD62C66540F00650366 /* ToDo */,
			);
		};
/* End PBXProject section */

/* Begin PBXResourcesBuildPhase section */
		09F80BD52C66540F00650366 /* Resources */ = {
			isa = PBXResourcesBuildPhase;
			buildActionMask = 2147483647;
			files = (
				090C722B2C8409E100FA21C5 /* template in Resources */,
				09F80BE32C66541000650366 /* Preview Assets.xcassets in Resources */,
				090C722E2C8409E100FA21C5 /* default-macOS in Resources */,
				090C722D2C8409E100FA21C5 /* default-iOS in Resources */,
				09F80BDF2C66541000650366 /* Assets.xcassets in Resources */,
				090C722C2C8409E100FA21C5 /* script in Resources */,
				093E790C2D23BD7D006E5120 /* markdown.css in Resources */,
			);
			runOnlyForDeploymentPostprocessing = 0;
		};
/* End PBXResourcesBuildPhase section */

/* Begin PBXShellScriptBuildPhase section */
		21A6409B000694A638C757E8 /* [CP] Embed Pods Frameworks */ = {
			isa = PBXShellScriptBuildPhase;
			buildActionMask = 2147483647;
			files = (
			);
			inputFileListPaths = (
				"${PODS_ROOT}/Target Support Files/Pods-ToDo/Pods-ToDo-frameworks-${CONFIGURATION}-input-files.xcfilelist",
			);
			name = "[CP] Embed Pods Frameworks";
			outputFileListPaths = (
				"${PODS_ROOT}/Target Support Files/Pods-ToDo/Pods-ToDo-frameworks-${CONFIGURATION}-output-files.xcfilelist",
			);
			runOnlyForDeploymentPostprocessing = 0;
			shellPath = /bin/sh;
			shellScript = "\"${PODS_ROOT}/Target Support Files/Pods-ToDo/Pods-ToDo-frameworks.sh\"\n";
			showEnvVarsInLog = 0;
		};
		53030AB001A942E4B254AC20 /* [CP] Check Pods Manifest.lock */ = {
			isa = PBXShellScriptBuildPhase;
			buildActionMask = 2147483647;
			files = (
			);
			inputFileListPaths = (
			);
			inputPaths = (
				"${PODS_PODFILE_DIR_PATH}/Podfile.lock",
				"${PODS_ROOT}/Manifest.lock",
			);
			name = "[CP] Check Pods Manifest.lock";
			outputFileListPaths = (
			);
			outputPaths = (
				"$(DERIVED_FILE_DIR)/Pods-ToDo-checkManifestLockResult.txt",
			);
			runOnlyForDeploymentPostprocessing = 0;
			shellPath = /bin/sh;
			shellScript = "diff \"${PODS_PODFILE_DIR_PATH}/Podfile.lock\" \"${PODS_ROOT}/Manifest.lock\" > /dev/null\nif [ $? != 0 ] ; then\n    # print error to STDERR\n    echo \"error: The sandbox is not in sync with the Podfile.lock. Run 'pod install' or update your CocoaPods installation.\" >&2\n    exit 1\nfi\n# This output is used by Xcode 'outputs' to avoid re-running this script phase.\necho \"SUCCESS\" > \"${SCRIPT_OUTPUT_FILE_0}\"\n";
			showEnvVarsInLog = 0;
		};
/* End PBXShellScriptBuildPhase section */

/* Begin PBXSourcesBuildPhase section */
		09F80BD32C66540F00650366 /* Sources */ = {
			isa = PBXSourcesBuildPhase;
			buildActionMask = 2147483647;
			files = (
				097A040E2C6B9BA300521483 /* TodoItemListView+Month.swift in Sources */,
				09F80C012C665A3F00650366 /* WishModel.swift in Sources */,
				09F80BFE2C665A3F00650366 /* UserManager.swift in Sources */,
				093E790A2D23BD57006E5120 /* RatingView.swift in Sources */,
				092545F02DD8666300D324DB /* PlanItemEditView.swift in Sources */,
				097AE2CC2DC9041B0096059B /* View-CustomAlert.swift in Sources */,
				09F80C202C670FAD00650366 /* DateIntervalView.swift in Sources */,
				093E78FA2D238533006E5120 /* ReadTag.swift in Sources */,
				09AAC5522DEDDC9A0091FA4A /* ReadListView.swift in Sources */,
				093E78FB2D238533006E5120 /* ReadModel.swift in Sources */,
				092AF5262DD102480067DA7D /* PlanView.swift in Sources */,
				090C722A2C8409E100FA21C5 /* MarkdownWebView.swift in Sources */,
				09D714772DAB5C50009DB18E /* ModelData+Principle.swift in Sources */,
				092545E92DD81E8000D324DB /* ProgressBar.swift in Sources */,
				09F80C062C665A3F00650366 /* RewardModel.swift in Sources */,
				2B10E8F92DE48FD2007B88AC /* SearchWindowView.swift in Sources */,
				097AE2C12DC481210096059B /* ModelData+Cache.swift in Sources */,
				0925460F2DE1711200D324DB /* Dictionary+Extensions.swift in Sources */,
				09AAC5382DED845F0091FA4A /* ThinkListView.swift in Sources */,
				093E79082D23A010006E5120 /* ReviewView.swift in Sources */,
				09F80C0E2C665A5B00650366 /* Int+Extensions.swift in Sources */,
				09F80C1E2C670BB300650366 /* ToDoEditView.swift in Sources */,
				2BBE50382DEF2A8000D89777 /* NoteQuickView.swift in Sources */,
				09D714792DAB60DA009DB18E /* ToDoItemListView+Principle.swift in Sources */,
				092545EE2DD8415D00D324DB /* ModelData+PlanItem.swift in Sources */,
				09F80BDD2C66540F00650366 /* ContentView.swift in Sources */,
				09D714682D8FEBAB009DB18E /* DayView.swift in Sources */,
				09F80C052C665A3F00650366 /* BaseModel.swift in Sources */,
				097AE2C62DC8E18F0096059B /* TimelineTaskView.swift in Sources */,
				093E79102D295C60006E5120 /* AddItemView.swift in Sources */,
				09F80BFD2C665A3F00650366 /* DataManager.swift in Sources */,
				09D7146C2D905661009DB18E /* WeekCalendarView.swift in Sources */,
				093E78FE2D23855D006E5120 /* ModelData+ReadList.swift in Sources */,
				0925460B2DE15B2C00D324DB /* PersonalTag.swift in Sources */,
				09D714722D9DA538009DB18E /* MarkdownView.swift in Sources */,
				093E78FF2D23855D006E5120 /* ModelData+NoteList.swift in Sources */,
				09D7147B2DAB651D009DB18E /* ToDoEditPrincipleView.swift in Sources */,
				092546082DE0D7BB00D324DB /* CommonDefine.swift in Sources */,
				09D714612D85D318009DB18E /* TimeLineRowView.swift in Sources */,
				09FDBE4E2C6870A500AC8F38 /* TodoItemListView+Week.swift in Sources */,
				097A04102C6C588300521483 /* Array+Extensions.swift in Sources */,
				09F80C162C66F63200650366 /* SidebarView.swift in Sources */,
				09F80BED2C665A3100650366 /* ModelData.swift in Sources */,
				092545EC2DD83F9100D324DB /* PlanTimeItem.swift in Sources */,
				09F80C072C665A3F00650366 /* CloudProtocol.swift in Sources */,
				092546192DE7611F00D324DB /* NoteListView.swift in Sources */,
				09FF8CD72C6A4B7800A74F55 /* TodoItemListView+Project.swift in Sources */,
				09F80BDB2C66540F00650366 /* ToDoApp.swift in Sources */,
				09F80C1C2C66FF8D00650366 /* ToDoItemRowView.swift in Sources */,
				092546172DE1CE6200D324DB /* PersonalTagWindowView.swift in Sources */,
				09F80C0F2C665A5B00650366 /* View+Extensions.swift in Sources */,
				092546112DE1740400D324DB /* PersonalTagView.swift in Sources */,
				097A04122C71ED9600521483 /* TodoItemListView+Today.swift in Sources */,
				09F80C132C66F55C00650366 /* ToDoSection.swift in Sources */,
				092546242DE7669E00D324DB /* NoteDetailView.swift in Sources */,
				09F80C182C66F7F700650366 /* ToDoListView.swift in Sources */,
				09F80BEC2C665A3100650366 /* EventItem.swift in Sources */,
				09F80C032C665A3F00650366 /* EventModel.swift in Sources */,
				09F80C112C665A5B00650366 /* Date+Extensions.swift in Sources */,
				09D7145F2D85CC6A009DB18E /* TaskTimeItem.swift in Sources */,
				09F80C022C665A3F00650366 /* ItemTag.swift in Sources */,
				09F80BFF2C665A3F00650366 /* CacheManager.swift in Sources */,
				093E78F52D23852D006E5120 /* TagModel.swift in Sources */,
				2B15F7572DEEF57C000F0AC8 /* Image+Extensions.swift in Sources */,
				093E78F62D23852D006E5120 /* NoteModel.swift in Sources */,
				092546132DE17A5200D324DB /* PersonalEditTagView.swift in Sources */,
				09D714632D865F34009DB18E /* StateManager.swift in Sources */,
				09F80C042C665A3F00650366 /* UserModel.swift in Sources */,
				09D7146A2D9052EC009DB18E /* WeekView.swift in Sources */,
				09D714652D86F8E5009DB18E /* ReviewNewView.swift in Sources */,
				2BC54C642DDF54AB00894C6E /* MacEditReadItemView.swift in Sources */,
				092546202DE7665700D324DB /* TagCloudView.swift in Sources */,
				092546212DE7665700D324DB /* FlowLayoutView.swift in Sources */,
				09AAC5502DEDDA200091FA4A /* MacWebView.swift in Sources */,
				092546222DE7665700D324DB /* TagView.swift in Sources */,
				093E79062D2385B4006E5120 /* ModelData+Summary.swift in Sources */,
				09F80C102C665A5B00650366 /* Color+Extensions.swift in Sources */,
				097AE2C82DC9011A0096059B /* EditTielineTaskView.swift in Sources */,
				09F80C1A2C66F88C00650366 /* TodoItemListView.swift in Sources */,
				0925461B2DE7663300D324DB /* TagListView.swift in Sources */,
				09FB5D572C69A33B00C079ED /* TimerModel.swift in Sources */,
				093E790E2D2572B8006E5120 /* EditRewardView.swift in Sources */,
				09F80C082C665A3F00650366 /* GoalModel.swift in Sources */,
				09F80C002C665A3F00650366 /* CloudManager.swift in Sources */,
				0925460D2DE1703F00D324DB /* String+Extension.swift in Sources */,
				093E79032D2385AD006E5120 /* SummaryItem.swift in Sources */,
				093E79042D2385AD006E5120 /* SummaryTag.swift in Sources */,
				09D714752DAB5AC1009DB18E /* PrincipleModel.swift in Sources */,
				097AE2CA2DC903CB0096059B /* CustomAlertView.swift in Sources */,
				093E79122D297ADD006E5120 /* SummaryEditView.swift in Sources */,
			);
			runOnlyForDeploymentPostprocessing = 0;
		};
/* End PBXSourcesBuildPhase section */

/* Begin XCBuildConfiguration section */
		09F80BE42C66541000650366 /* Debug */ = {
			isa = XCBuildConfiguration;
			buildSettings = {
				ALWAYS_SEARCH_USER_PATHS = NO;
				ASSETCATALOG_COMPILER_GENERATE_SWIFT_ASSET_SYMBOL_EXTENSIONS = YES;
				CLANG_ANALYZER_NONNULL = YES;
				CLANG_ANALYZER_NUMBER_OBJECT_CONVERSION = YES_AGGRESSIVE;
				CLANG_CXX_LANGUAGE_STANDARD = "gnu++20";
				CLANG_ENABLE_MODULES = YES;
				CLANG_ENABLE_OBJC_ARC = YES;
				CLANG_ENABLE_OBJC_WEAK = YES;
				CLANG_WARN_BLOCK_CAPTURE_AUTORELEASING = YES;
				CLANG_WARN_BOOL_CONVERSION = YES;
				CLANG_WARN_COMMA = YES;
				CLANG_WARN_CONSTANT_CONVERSION = YES;
				CLANG_WARN_DEPRECATED_OBJC_IMPLEMENTATIONS = YES;
				CLANG_WARN_DIRECT_OBJC_ISA_USAGE = YES_ERROR;
				CLANG_WARN_DOCUMENTATION_COMMENTS = YES;
				CLANG_WARN_EMPTY_BODY = YES;
				CLANG_WARN_ENUM_CONVERSION = YES;
				CLANG_WARN_INFINITE_RECURSION = YES;
				CLANG_WARN_INT_CONVERSION = YES;
				CLANG_WARN_NON_LITERAL_NULL_CONVERSION = YES;
				CLANG_WARN_OBJC_IMPLICIT_RETAIN_SELF = YES;
				CLANG_WARN_OBJC_LITERAL_CONVERSION = YES;
				CLANG_WARN_OBJC_ROOT_CLASS = YES_ERROR;
				CLANG_WARN_QUOTED_INCLUDE_IN_FRAMEWORK_HEADER = YES;
				CLANG_WARN_RANGE_LOOP_ANALYSIS = YES;
				CLANG_WARN_STRICT_PROTOTYPES = YES;
				CLANG_WARN_SUSPICIOUS_MOVE = YES;
				CLANG_WARN_UNGUARDED_AVAILABILITY = YES_AGGRESSIVE;
				CLANG_WARN_UNREACHABLE_CODE = YES;
				CLANG_WARN__DUPLICATE_METHOD_MATCH = YES;
				COPY_PHASE_STRIP = NO;
				DEBUG_INFORMATION_FORMAT = dwarf;
				ENABLE_STRICT_OBJC_MSGSEND = YES;
				ENABLE_TESTABILITY = YES;
				ENABLE_USER_SCRIPT_SANDBOXING = YES;
				GCC_C_LANGUAGE_STANDARD = gnu17;
				GCC_DYNAMIC_NO_PIC = NO;
				GCC_NO_COMMON_BLOCKS = YES;
				GCC_OPTIMIZATION_LEVEL = 0;
				GCC_PREPROCESSOR_DEFINITIONS = (
					"DEBUG=1",
					"$(inherited)",
				);
				GCC_WARN_64_TO_32_BIT_CONVERSION = YES;
				GCC_WARN_ABOUT_RETURN_TYPE = YES_ERROR;
				GCC_WARN_UNDECLARED_SELECTOR = YES;
				GCC_WARN_UNINITIALIZED_AUTOS = YES_AGGRESSIVE;
				GCC_WARN_UNUSED_FUNCTION = YES;
				GCC_WARN_UNUSED_VARIABLE = YES;
				LOCALIZATION_PREFERS_STRING_CATALOGS = YES;
				MTL_ENABLE_DEBUG_INFO = INCLUDE_SOURCE;
				MTL_FAST_MATH = YES;
				ONLY_ACTIVE_ARCH = YES;
				SWIFT_ACTIVE_COMPILATION_CONDITIONS = "DEBUG $(inherited)";
				SWIFT_OPTIMIZATION_LEVEL = "-Onone";
			};
			name = Debug;
		};
		09F80BE52C66541000650366 /* Release */ = {
			isa = XCBuildConfiguration;
			buildSettings = {
				ALWAYS_SEARCH_USER_PATHS = NO;
				ASSETCATALOG_COMPILER_GENERATE_SWIFT_ASSET_SYMBOL_EXTENSIONS = YES;
				CLANG_ANALYZER_NONNULL = YES;
				CLANG_ANALYZER_NUMBER_OBJECT_CONVERSION = YES_AGGRESSIVE;
				CLANG_CXX_LANGUAGE_STANDARD = "gnu++20";
				CLANG_ENABLE_MODULES = YES;
				CLANG_ENABLE_OBJC_ARC = YES;
				CLANG_ENABLE_OBJC_WEAK = YES;
				CLANG_WARN_BLOCK_CAPTURE_AUTORELEASING = YES;
				CLANG_WARN_BOOL_CONVERSION = YES;
				CLANG_WARN_COMMA = YES;
				CLANG_WARN_CONSTANT_CONVERSION = YES;
				CLANG_WARN_DEPRECATED_OBJC_IMPLEMENTATIONS = YES;
				CLANG_WARN_DIRECT_OBJC_ISA_USAGE = YES_ERROR;
				CLANG_WARN_DOCUMENTATION_COMMENTS = YES;
				CLANG_WARN_EMPTY_BODY = YES;
				CLANG_WARN_ENUM_CONVERSION = YES;
				CLANG_WARN_INFINITE_RECURSION = YES;
				CLANG_WARN_INT_CONVERSION = YES;
				CLANG_WARN_NON_LITERAL_NULL_CONVERSION = YES;
				CLANG_WARN_OBJC_IMPLICIT_RETAIN_SELF = YES;
				CLANG_WARN_OBJC_LITERAL_CONVERSION = YES;
				CLANG_WARN_OBJC_ROOT_CLASS = YES_ERROR;
				CLANG_WARN_QUOTED_INCLUDE_IN_FRAMEWORK_HEADER = YES;
				CLANG_WARN_RANGE_LOOP_ANALYSIS = YES;
				CLANG_WARN_STRICT_PROTOTYPES = YES;
				CLANG_WARN_SUSPICIOUS_MOVE = YES;
				CLANG_WARN_UNGUARDED_AVAILABILITY = YES_AGGRESSIVE;
				CLANG_WARN_UNREACHABLE_CODE = YES;
				CLANG_WARN__DUPLICATE_METHOD_MATCH = YES;
				COPY_PHASE_STRIP = NO;
				DEBUG_INFORMATION_FORMAT = "dwarf-with-dsym";
				ENABLE_NS_ASSERTIONS = NO;
				ENABLE_STRICT_OBJC_MSGSEND = YES;
				ENABLE_USER_SCRIPT_SANDBOXING = YES;
				GCC_C_LANGUAGE_STANDARD = gnu17;
				GCC_NO_COMMON_BLOCKS = YES;
				GCC_WARN_64_TO_32_BIT_CONVERSION = YES;
				GCC_WARN_ABOUT_RETURN_TYPE = YES_ERROR;
				GCC_WARN_UNDECLARED_SELECTOR = YES;
				GCC_WARN_UNINITIALIZED_AUTOS = YES_AGGRESSIVE;
				GCC_WARN_UNUSED_FUNCTION = YES;
				GCC_WARN_UNUSED_VARIABLE = YES;
				LOCALIZATION_PREFERS_STRING_CATALOGS = YES;
				MTL_ENABLE_DEBUG_INFO = NO;
				MTL_FAST_MATH = YES;
				SWIFT_COMPILATION_MODE = wholemodule;
			};
			name = Release;
		};
		09F80BE72C66541000650366 /* Debug */ = {
			isa = XCBuildConfiguration;
			baseConfigurationReference = F09232FCA5EA1DB299605B8E /* Pods-ToDo.debug.xcconfig */;
			buildSettings = {
				ASSETCATALOG_COMPILER_APPICON_NAME = AppIcon;
				ASSETCATALOG_COMPILER_GLOBAL_ACCENT_COLOR_NAME = AccentColor;
				CODE_SIGN_ENTITLEMENTS = ToDo/ToDo.entitlements;
				CODE_SIGN_STYLE = Automatic;
				CURRENT_PROJECT_VERSION = 1;
				DEVELOPMENT_ASSET_PATHS = "\"ToDo/Preview Content\"";
				DEVELOPMENT_TEAM = "";
				ENABLE_HARDENED_RUNTIME = YES;
				ENABLE_PREVIEWS = YES;
				ENABLE_USER_SCRIPT_SANDBOXING = NO;
				GENERATE_INFOPLIST_FILE = YES;
				"INFOPLIST_KEY_UIApplicationSceneManifest_Generation[sdk=iphoneos*]" = YES;
				"INFOPLIST_KEY_UIApplicationSceneManifest_Generation[sdk=iphonesimulator*]" = YES;
				"INFOPLIST_KEY_UIApplicationSupportsIndirectInputEvents[sdk=iphoneos*]" = YES;
				"INFOPLIST_KEY_UIApplicationSupportsIndirectInputEvents[sdk=iphonesimulator*]" = YES;
				"INFOPLIST_KEY_UILaunchScreen_Generation[sdk=iphoneos*]" = YES;
				"INFOPLIST_KEY_UILaunchScreen_Generation[sdk=iphonesimulator*]" = YES;
				"INFOPLIST_KEY_UIStatusBarStyle[sdk=iphoneos*]" = UIStatusBarStyleDefault;
				"INFOPLIST_KEY_UIStatusBarStyle[sdk=iphonesimulator*]" = UIStatusBarStyleDefault;
				INFOPLIST_KEY_UISupportedInterfaceOrientations_iPad = "UIInterfaceOrientationPortrait UIInterfaceOrientationPortraitUpsideDown UIInterfaceOrientationLandscapeLeft UIInterfaceOrientationLandscapeRight";
				INFOPLIST_KEY_UISupportedInterfaceOrientations_iPhone = "UIInterfaceOrientationPortrait UIInterfaceOrientationLandscapeLeft UIInterfaceOrientationLandscapeRight";
				IPHONEOS_DEPLOYMENT_TARGET = 17.2;
				LD_RUNPATH_SEARCH_PATHS = "@executable_path/Frameworks";
				"LD_RUNPATH_SEARCH_PATHS[sdk=macosx*]" = "@executable_path/../Frameworks";
				MACOSX_DEPLOYMENT_TARGET = 14.0;
				MARKETING_VERSION = 1.0;
				PRODUCT_BUNDLE_IDENTIFIER = com.keyl.ToDo;
				PRODUCT_NAME = "$(TARGET_NAME)";
				SDKROOT = auto;
				SUPPORTED_PLATFORMS = "iphoneos iphonesimulator macosx";
				SWIFT_EMIT_LOC_STRINGS = YES;
				SWIFT_VERSION = 5.0;
				TARGETED_DEVICE_FAMILY = "1,2";
			};
			name = Debug;
		};
		09F80BE82C66541000650366 /* Release */ = {
			isa = XCBuildConfiguration;
			baseConfigurationReference = D3B5A7BD036DC5D0B04CA9A2 /* Pods-ToDo.release.xcconfig */;
			buildSettings = {
				ASSETCATALOG_COMPILER_APPICON_NAME = AppIcon;
				ASSETCATALOG_COMPILER_GLOBAL_ACCENT_COLOR_NAME = AccentColor;
				CODE_SIGN_ENTITLEMENTS = ToDo/ToDo.entitlements;
				CODE_SIGN_STYLE = Automatic;
				CURRENT_PROJECT_VERSION = 1;
				DEVELOPMENT_ASSET_PATHS = "\"ToDo/Preview Content\"";
				DEVELOPMENT_TEAM = "";
				ENABLE_HARDENED_RUNTIME = YES;
				ENABLE_PREVIEWS = YES;
				ENABLE_USER_SCRIPT_SANDBOXING = NO;
				GENERATE_INFOPLIST_FILE = YES;
				"INFOPLIST_KEY_UIApplicationSceneManifest_Generation[sdk=iphoneos*]" = YES;
				"INFOPLIST_KEY_UIApplicationSceneManifest_Generation[sdk=iphonesimulator*]" = YES;
				"INFOPLIST_KEY_UIApplicationSupportsIndirectInputEvents[sdk=iphoneos*]" = YES;
				"INFOPLIST_KEY_UIApplicationSupportsIndirectInputEvents[sdk=iphonesimulator*]" = YES;
				"INFOPLIST_KEY_UILaunchScreen_Generation[sdk=iphoneos*]" = YES;
				"INFOPLIST_KEY_UILaunchScreen_Generation[sdk=iphonesimulator*]" = YES;
				"INFOPLIST_KEY_UIStatusBarStyle[sdk=iphoneos*]" = UIStatusBarStyleDefault;
				"INFOPLIST_KEY_UIStatusBarStyle[sdk=iphonesimulator*]" = UIStatusBarStyleDefault;
				INFOPLIST_KEY_UISupportedInterfaceOrientations_iPad = "UIInterfaceOrientationPortrait UIInterfaceOrientationPortraitUpsideDown UIInterfaceOrientationLandscapeLeft UIInterfaceOrientationLandscapeRight";
				INFOPLIST_KEY_UISupportedInterfaceOrientations_iPhone = "UIInterfaceOrientationPortrait UIInterfaceOrientationLandscapeLeft UIInterfaceOrientationLandscapeRight";
				IPHONEOS_DEPLOYMENT_TARGET = 17.2;
				LD_RUNPATH_SEARCH_PATHS = "@executable_path/Frameworks";
				"LD_RUNPATH_SEARCH_PATHS[sdk=macosx*]" = "@executable_path/../Frameworks";
				MACOSX_DEPLOYMENT_TARGET = 14.0;
				MARKETING_VERSION = 1.0;
				PRODUCT_BUNDLE_IDENTIFIER = com.keyl.ToDo;
				PRODUCT_NAME = "$(TARGET_NAME)";
				SDKROOT = auto;
				SUPPORTED_PLATFORMS = "iphoneos iphonesimulator macosx";
				SWIFT_EMIT_LOC_STRINGS = YES;
				SWIFT_VERSION = 5.0;
				TARGETED_DEVICE_FAMILY = "1,2";
			};
			name = Release;
		};
/* End XCBuildConfiguration section */

/* Begin XCConfigurationList section */
		09F80BD22C66540F00650366 /* Build configuration list for PBXProject "ToDo" */ = {
			isa = XCConfigurationList;
			buildConfigurations = (
				09F80BE42C66541000650366 /* Debug */,
				09F80BE52C66541000650366 /* Release */,
			);
			defaultConfigurationIsVisible = 0;
			defaultConfigurationName = Release;
		};
		09F80BE62C66541000650366 /* Build configuration list for PBXNativeTarget "ToDo" */ = {
			isa = XCConfigurationList;
			buildConfigurations = (
				09F80BE72C66541000650366 /* Debug */,
				09F80BE82C66541000650366 /* Release */,
			);
			defaultConfigurationIsVisible = 0;
			defaultConfigurationName = Release;
		};
/* End XCConfigurationList section */
	};
	rootObject = 09F80BCF2C66540F00650366 /* Project object */;
}
